
Microsoft Visual Studio Solution File, Format Version 12.00
# Visual Studio Version 16
VisualStudioVersion = 16.0.29318.209
MinimumVisualStudioVersion = 10.0.40219.1
Project("{FAE04EC0-301F-11D3-BF4B-00C04F79EFBC}") = "WindowsFormsApp1", "WindowsFormsApp1\WindowsFormsApp1.csproj", "{4FF44E7C-5CA7-4E9A-9341-86886D97868A}"
EndProject
Global
	GlobalSection(SolutionConfigurationPlatforms) = preSolution
		Debug|Any CPU = Debug|Any CPU
		Release|Any CPU = Release|Any CPU
	EndGlobalSection
	GlobalSection(ProjectConfigurationPlatforms) = postSolution
		{4FF44E7C-5CA7-4E9A-9341-86886D97868A}.Debug|Any CPU.ActiveCfg = Debug|Any CPU
		{4FF44E7C-5CA7-4E9A-9341-86886D97868A}.Debug|Any CPU.Build.0 = Debug|Any CPU
		{4FF44E7C-5CA7-4E9A-9341-86886D97868A}.Release|Any CPU.ActiveCfg = Release|Any CPU
		{4FF44E7C-5CA7-4E9A-9341-86886D97868A}.Release|Any CPU.Build.0 = Release|Any CPU
	EndGlobalSection
	GlobalSection(SolutionProperties) = preSolution
		HideSolutionNode = FALSE
	EndGlobalSection
	GlobalSection(ExtensibilityGlobals) = postSolution
		SolutionGuid = {34CE77BE-3076-4E05-BEF9-7003A2F56939}
	EndGlobalSection
EndGlobal
